
Microsoft Visual Studio Solution File, Format Version 12.00
# Visual Studio Version 16
VisualStudioVersion = 16.0.30907.101
MinimumVisualStudioVersion = 10.0.40219.1
Project("{FAE04EC0-301F-11D3-BF4B-00C04F79EFBC}") = "EmployeeControl.Model", "EmployeeControl.Model.csproj", "{E3001906-E6B4-4AD0-9D92-34056FAB8024}"
EndProject
Project("{FAE04EC0-301F-11D3-BF4B-00C04F79EFBC}") = "EmployeeControl.Data", "..\EmployeeControl.Data\EmployeeControl.Data.csproj", "{6DA5FD54-25E4-46FF-A6FB-BAB28406CA0E}"
EndProject
Project("{FAE04EC0-301F-11D3-BF4B-00C04F79EFBC}") = "EmployeeControl.Logic", "..\EmployeeControl.Logic\EmployeeControl.Logic.csproj", "{C405A210-AB65-48B9-991C-6C5B78AB0BD2}"
EndProject
Project("{FAE04EC0-301F-11D3-BF4B-00C04F79EFBC}") = "EmployeeControl.UI", "..\EmployeeControl.UI\EmployeeControl.UI.csproj", "{CCEDA307-D497-4EBF-8411-641B5958AE7B}"
EndProject
Global
	GlobalSection(SolutionConfigurationPlatforms) = preSolution
		Debug|Any CPU = Debug|Any CPU
		Release|Any CPU = Release|Any CPU
	EndGlobalSection
	GlobalSection(ProjectConfigurationPlatforms) = postSolution
		{E3001906-E6B4-4AD0-9D92-34056FAB8024}.Debug|Any CPU.ActiveCfg = Debug|Any CPU
		{E3001906-E6B4-4AD0-9D92-34056FAB8024}.Debug|Any CPU.Build.0 = Debug|Any CPU
		{E3001906-E6B4-4AD0-9D92-34056FAB8024}.Release|Any CPU.ActiveCfg = Release|Any CPU
		{E3001906-E6B4-4AD0-9D92-34056FAB8024}.Release|Any CPU.Build.0 = Release|Any CPU
		{6DA5FD54-25E4-46FF-A6FB-BAB28406CA0E}.Debug|Any CPU.ActiveCfg = Debug|Any CPU
		{6DA5FD54-25E4-46FF-A6FB-BAB28406CA0E}.Debug|Any CPU.Build.0 = Debug|Any CPU
		{6DA5FD54-25E4-46FF-A6FB-BAB28406CA0E}.Release|Any CPU.ActiveCfg = Release|Any CPU
		{6DA5FD54-25E4-46FF-A6FB-BAB28406CA0E}.Release|Any CPU.Build.0 = Release|Any CPU
		{C405A210-AB65-48B9-991C-6C5B78AB0BD2}.Debug|Any CPU.ActiveCfg = Debug|Any CPU
		{C405A210-AB65-48B9-991C-6C5B78AB0BD2}.Debug|Any CPU.Build.0 = Debug|Any CPU
		{C405A210-AB65-48B9-991C-6C5B78AB0BD2}.Release|Any CPU.ActiveCfg = Release|Any CPU
		{C405A210-AB65-48B9-991C-6C5B78AB0BD2}.Release|Any CPU.Build.0 = Release|Any CPU
		{CCEDA307-D497-4EBF-8411-641B5958AE7B}.Debug|Any CPU.ActiveCfg = Debug|Any CPU
		{CCEDA307-D497-4EBF-8411-641B5958AE7B}.Debug|Any CPU.Build.0 = Debug|Any CPU
		{CCEDA307-D497-4EBF-8411-641B5958AE7B}.Release|Any CPU.ActiveCfg = Release|Any CPU
		{CCEDA307-D497-4EBF-8411-641B5958AE7B}.Release|Any CPU.Build.0 = Release|Any CPU
	EndGlobalSection
	GlobalSection(SolutionProperties) = preSolution
		HideSolutionNode = FALSE
	EndGlobalSection
	GlobalSection(ExtensibilityGlobals) = postSolution
		SolutionGuid = {D47DA1C2-27E2-497D-B1DF-C61613003BE0}
	EndGlobalSection
EndGlobal
